
Microsoft Visual Studio Solution File, Format Version 12.00
# Visual Studio Version 17
VisualStudioVersion = 17.0.31919.166
MinimumVisualStudioVersion = 10.0.40219.1
Project("{8BC9CEB8-8B4A-11D0-8D11-00A0C91BC942}") = "SPA_round3", "SPA_round3\SPA_round3.vcxproj", "{E9291F5A-8165-4278-966E-7E9F0AD8FC85}"
EndProject
Project("{54435603-DBB4-11D2-8724-00A0C9A8B90C}") = "SPA_round3_Install", "SPA_round3_Install\SPA_round3_Install.vdproj", "{043455AF-4C91-4D3C-A3AF-B0AD55932883}"
EndProject
Global
	GlobalSection(SolutionConfigurationPlatforms) = preSolution
		Debug|x64 = Debug|x64
		Debug|x86 = Debug|x86
		Release|x64 = Release|x64
		Release|x86 = Release|x86
	EndGlobalSection
	GlobalSection(ProjectConfigurationPlatforms) = postSolution
		{E9291F5A-8165-4278-966E-7E9F0AD8FC85}.Debug|x64.ActiveCfg = Debug|x64
		{E9291F5A-8165-4278-966E-7E9F0AD8FC85}.Debug|x64.Build.0 = Debug|x64
		{E9291F5A-8165-4278-966E-7E9F0AD8FC85}.Debug|x86.ActiveCfg = Debug|Win32
		{E9291F5A-8165-4278-966E-7E9F0AD8FC85}.Debug|x86.Build.0 = Debug|Win32
		{E9291F5A-8165-4278-966E-7E9F0AD8FC85}.Release|x64.ActiveCfg = Release|x64
		{E9291F5A-8165-4278-966E-7E9F0AD8FC85}.Release|x64.Build.0 = Release|x64
		{E9291F5A-8165-4278-966E-7E9F0AD8FC85}.Release|x86.ActiveCfg = Release|Win32
		{E9291F5A-8165-4278-966E-7E9F0AD8FC85}.Release|x86.Build.0 = Release|Win32
		{043455AF-4C91-4D3C-A3AF-B0AD55932883}.Debug|x64.ActiveCfg = Debug
		{043455AF-4C91-4D3C-A3AF-B0AD55932883}.Debug|x86.ActiveCfg = Debug
		{043455AF-4C91-4D3C-A3AF-B0AD55932883}.Release|x64.ActiveCfg = Release
		{043455AF-4C91-4D3C-A3AF-B0AD55932883}.Release|x86.ActiveCfg = Release
	EndGlobalSection
	GlobalSection(SolutionProperties) = preSolution
		HideSolutionNode = FALSE
	EndGlobalSection
	GlobalSection(ExtensibilityGlobals) = postSolution
		SolutionGuid = {AE5C5133-962F-421D-AE30-D68453FAD267}
	EndGlobalSection
EndGlobal
